{
  "name": "ZipIt",
  "lockfileVersion": 2,
  "requires": true,
  "packages": {
    "": {
      "devDependencies": {
        "@tauri-apps/cli": "^1.0.0-rc.11"
      }
    },
    "node_modules/@tauri-apps/cli": {
      "version": "1.0.0-rc.11",
      "resolved": "https://registry.npmjs.org/@tauri-apps/cli/-/cli-1.0.0-rc.11.tgz",
      "integrity": "sha512-tTrJiHa0rVyAh9IbuZ9hjEj02MetyoLKeWxQMl3fuDtl1+g1M7pjQqzS0aXLYMGmNYp/qAtj89IzsSpY1JJ9LA==",
      "dev": true,
      "bin": {
        "tauri": "tauri.js"
      },
      "engines": {
        "node": ">= 10"
      },
      "funding": {
        "type": "opencollective",
        "url": "https://opencollective.com/tauri"
      },
      "optionalDependencies": {
        "@tauri-apps/cli-darwin-arm64": "1.0.0-rc.11",
        "@tauri-apps/cli-darwin-x64": "1.0.0-rc.11",
        "@tauri-apps/cli-linux-arm-gnueabihf": "1.0.0-rc.11",
        "@tauri-apps/cli-linux-arm64-gnu": "1.0.0-rc.11",
        "@tauri-apps/cli-linux-arm64-musl": "1.0.0-rc.11",
        "@tauri-apps/cli-linux-x64-gnu": "1.0.0-rc.11",
        "@tauri-apps/cli-linux-x64-musl": "1.0.0-rc.11",
        "@tauri-apps/cli-win32-ia32-msvc": "1.0.0-rc.11",
        "@tauri-apps/cli-win32-x64-msvc": "1.0.0-rc.11"
      }
    },
    "node_modules/@tauri-apps/cli-darwin-arm64": {
      "version": "1.0.0-rc.11",
      "resolved": "https://registry.npmjs.org/@tauri-apps/cli-darwin-arm64/-/cli-darwin-arm64-1.0.0-rc.11.tgz",
      "integrity": "sha512-OiefgwvFmyo/sbZtOo+hYFFGUS5hP3QlAtwDw0AMtGGA6K2QIb8KzMog5hsNcqp8h4vOUJ/0vMy8KdPHRmc90A==",
      "cpu": [
        "arm64"
      ],
      "dev": true,
      "optional": true,
      "os": [
        "darwin"
      ],
      "engines": {
        "node": ">= 10"
      }
    },
    "node_modules/@tauri-apps/cli-darwin-x64": {
      "version": "1.0.0-rc.11",
      "resolved": "https://registry.npmjs.org/@tauri-apps/cli-darwin-x64/-/cli-darwin-x64-1.0.0-rc.11.tgz",
      "integrity": "sha512-BA8knn2YTMetiFQiJg60JFhkeA5oexIqCKjOShWNHB3ft0xMGyTfkEjSo/cFHa3ESw54eHP9twhUD/yoXQV0zw==",
      "cpu": [
        "x64"
      ],
      "dev": true,
      "optional": true,
      "os": [
        "darwin"
      ],
      "engines": {
        "node": ">= 10"
      }
    },
    "node_modules/@tauri-apps/cli-linux-arm-gnueabihf": {
      "version": "1.0.0-rc.11",
      "resolved": "https://registry.npmjs.org/@tauri-apps/cli-linux-arm-gnueabihf/-/cli-linux-arm-gnueabihf-1.0.0-rc.11.tgz",
      "integrity": "sha512-w3W5L0yQIRpH+LKtMNeAGagcVPICHx7x/V9jbSkThdmvoiSIwPc++lyNqr8aQ57rGi947LkoKTARyNSVr87DOA==",
      "cpu": [
        "arm"
      ],
      "dev": true,
      "optional": true,
      "os": [
        "linux"
      ],
      "engines": {
        "node": ">= 10"
      }
    },
    "node_modules/@tauri-apps/cli-linux-arm64-gnu": {
      "version": "1.0.0-rc.11",
      "resolved": "https://registry.npmjs.org/@tauri-apps/cli-linux-arm64-gnu/-/cli-linux-arm64-gnu-1.0.0-rc.11.tgz",
      "integrity": "sha512-r6ew6fc8M39zBvanh1gN7JeLWhuyQnp0cuTScd2RvH29gdqx0Ox++AvYd/reLYY9Fxpa8qATkyMbmK+rhwfXRg==",
      "cpu": [
        "arm64"
      ],
      "dev": true,
      "optional": true,
      "os": [
        "linux"
      ],
      "engines": {
        "node": ">= 10"
      }
    },
    "node_modules/@tauri-apps/cli-linux-arm64-musl": {
      "version": "1.0.0-rc.11",
      "resolved": "https://registry.npmjs.org/@tauri-apps/cli-linux-arm64-musl/-/cli-linux-arm64-musl-1.0.0-rc.11.tgz",
      "integrity": "sha512-2YXU53UK5AU/v5YFXs3/R0UGA2e+/gz8mMLDkKhH3r09g265ycxnkNgOBaEP2ul/rxLG3ZLDZFzDXx3n3pIzFQ==",
      "cpu": [
        "arm64"
      ],
      "dev": true,
      "optional": true,
      "os": [
        "linux"
      ],
      "engines": {
        "node": ">= 10"
      }
    },
    "node_modules/@tauri-apps/cli-linux-x64-gnu": {
      "version": "1.0.0-rc.11",
      "resolved": "https://registry.npmjs.org/@tauri-apps/cli-linux-x64-gnu/-/cli-linux-x64-gnu-1.0.0-rc.11.tgz",
      "integrity": "sha512-3yr4QeCQIKdMWxLGa9goBd59DbuFwrnDXJlbA9cYD11jftDdIfFLYJNYJVyoLk7lHhsPh8cVmfEHmEU1By+D7Q==",
      "cpu": [
        "x64"
      ],
      "dev": true,
      "optional": true,
      "os": [
        "linux"
      ],
      "engines": {
        "node": ">= 10"
      }
    },
    "node_modules/@tauri-apps/cli-linux-x64-musl": {
      "version": "1.0.0-rc.11",
      "resolved": "https://registry.npmjs.org/@tauri-apps/cli-linux-x64-musl/-/cli-linux-x64-musl-1.0.0-rc.11.tgz",
      "integrity": "sha512-JJhVo9XKPin5Pgwm2+/LiCEVTbdGoKJLemP1mu6BZhGh1zMG3+u0Yyqql8+ZfoEU5FinFTELFRhRo7UNaWSCbQ==",
      "cpu": [
        "x64"
      ],
      "dev": true,
      "optional": true,
      "os": [
        "linux"
      ],
      "engines": {
        "node": ">= 10"
      }
    },
    "node_modules/@tauri-apps/cli-win32-ia32-msvc": {
      "version": "1.0.0-rc.11",
      "resolved": "https://registry.npmjs.org/@tauri-apps/cli-win32-ia32-msvc/-/cli-win32-ia32-msvc-1.0.0-rc.11.tgz",
      "integrity": "sha512-uJn80LUCju2QXhVpchQkN3MlQHXD/4ZNJHMTHtLqiDu6BOifaCWBm7F/xVO1IuZDhs36K4zSOXdmDh684DQJ2w==",
      "cpu": [
        "ia32"
      ],
      "dev": true,
      "optional": true,
      "os": [
        "win32"
      ],
      "engines": {
        "node": ">= 10"
      }
    },
    "node_modules/@tauri-apps/cli-win32-x64-msvc": {
      "version": "1.0.0-rc.11",
      "resolved": "https://registry.npmjs.org/@tauri-apps/cli-win32-x64-msvc/-/cli-win32-x64-msvc-1.0.0-rc.11.tgz",
      "integrity": "sha512-f1yS++rZRkVfqcfkGUAgBAihzUBrQwJu+fPkrqu0LpVwfaGMPP58H1IqtLbLGvCTbL8vUekq15gmAMs51eHbtw==",
      "cpu": [
        "x64"
      ],
      "dev": true,
      "optional": true,
      "os": [
        "win32"
      ],
      "engines": {
        "node": ">= 10"
      }
    }
  },
  "dependencies": {
    "@tauri-apps/cli": {
      "version": "1.0.0-rc.11",
      "resolved": "https://registry.npmjs.org/@tauri-apps/cli/-/cli-1.0.0-rc.11.tgz",
      "integrity": "sha512-tTrJiHa0rVyAh9IbuZ9hjEj02MetyoLKeWxQMl3fuDtl1+g1M7pjQqzS0aXLYMGmNYp/qAtj89IzsSpY1JJ9LA==",
      "dev": true,
      "requires": {
        "@tauri-apps/cli-darwin-arm64": "1.0.0-rc.11",
        "@tauri-apps/cli-darwin-x64": "1.0.0-rc.11",
        "@tauri-apps/cli-linux-arm-gnueabihf": "1.0.0-rc.11",
        "@tauri-apps/cli-linux-arm64-gnu": "1.0.0-rc.11",
        "@tauri-apps/cli-linux-arm64-musl": "1.0.0-rc.11",
        "@tauri-apps/cli-linux-x64-gnu": "1.0.0-rc.11",
        "@tauri-apps/cli-linux-x64-musl": "1.0.0-rc.11",
        "@tauri-apps/cli-win32-ia32-msvc": "1.0.0-rc.11",
        "@tauri-apps/cli-win32-x64-msvc": "1.0.0-rc.11"
      }
    },
    "@tauri-apps/cli-darwin-arm64": {
      "version": "1.0.0-rc.11",
      "resolved": "https://registry.npmjs.org/@tauri-apps/cli-darwin-arm64/-/cli-darwin-arm64-1.0.0-rc.11.tgz",
      "integrity": "sha512-OiefgwvFmyo/sbZtOo+hYFFGUS5hP3QlAtwDw0AMtGGA6K2QIb8KzMog5hsNcqp8h4vOUJ/0vMy8KdPHRmc90A==",
      "dev": true,
      "optional": true
    },
    "@tauri-apps/cli-darwin-x64": {
      "version": "1.0.0-rc.11",
      "resolved": "https://registry.npmjs.org/@tauri-apps/cli-darwin-x64/-/cli-darwin-x64-1.0.0-rc.11.tgz",
      "integrity": "sha512-BA8knn2YTMetiFQiJg60JFhkeA5oexIqCKjOShWNHB3ft0xMGyTfkEjSo/cFHa3ESw54eHP9twhUD/yoXQV0zw==",
      "dev": true,
      "optional": true
    },
    "@tauri-apps/cli-linux-arm-gnueabihf": {
      "version": "1.0.0-rc.11",
      "resolved": "https://registry.npmjs.org/@tauri-apps/cli-linux-arm-gnueabihf/-/cli-linux-arm-gnueabihf-1.0.0-rc.11.tgz",
      "integrity": "sha512-w3W5L0yQIRpH+LKtMNeAGagcVPICHx7x/V9jbSkThdmvoiSIwPc++lyNqr8aQ57rGi947LkoKTARyNSVr87DOA==",
      "dev": true,
      "optional": true
    },
    "@tauri-apps/cli-linux-arm64-gnu": {
      "version": "1.0.0-rc.11",
      "resolved": "https://registry.npmjs.org/@tauri-apps/cli-linux-arm64-gnu/-/cli-linux-arm64-gnu-1.0.0-rc.11.tgz",
      "integrity": "sha512-r6ew6fc8M39zBvanh1gN7JeLWhuyQnp0cuTScd2RvH29gdqx0Ox++AvYd/reLYY9Fxpa8qATkyMbmK+rhwfXRg==",
      "dev": true,
      "optional": true
    },
    "@tauri-apps/cli-linux-arm64-musl": {
      "version": "1.0.0-rc.11",
      "resolved": "https://registry.npmjs.org/@tauri-apps/cli-linux-arm64-musl/-/cli-linux-arm64-musl-1.0.0-rc.11.tgz",
      "integrity": "sha512-2YXU53UK5AU/v5YFXs3/R0UGA2e+/gz8mMLDkKhH3r09g265ycxnkNgOBaEP2ul/rxLG3ZLDZFzDXx3n3pIzFQ==",
      "dev": true,
      "optional": true
    },
    "@tauri-apps/cli-linux-x64-gnu": {
      "version": "1.0.0-rc.11",
      "resolved": "https://registry.npmjs.org/@tauri-apps/cli-linux-x64-gnu/-/cli-linux-x64-gnu-1.0.0-rc.11.tgz",
      "integrity": "sha512-3yr4QeCQIKdMWxLGa9goBd59DbuFwrnDXJlbA9cYD11jftDdIfFLYJNYJVyoLk7lHhsPh8cVmfEHmEU1By+D7Q==",
      "dev": true,
      "optional": true
    },
    "@tauri-apps/cli-linux-x64-musl": {
      "version": "1.0.0-rc.11",
      "resolved": "https://registry.npmjs.org/@tauri-apps/cli-linux-x64-musl/-/cli-linux-x64-musl-1.0.0-rc.11.tgz",
      "integrity": "sha512-JJhVo9XKPin5Pgwm2+/LiCEVTbdGoKJLemP1mu6BZhGh1zMG3+u0Yyqql8+ZfoEU5FinFTELFRhRo7UNaWSCbQ==",
      "dev": true,
      "optional": true
    },
    "@tauri-apps/cli-win32-ia32-msvc": {
      "version": "1.0.0-rc.11",
      "resolved": "https://registry.npmjs.org/@tauri-apps/cli-win32-ia32-msvc/-/cli-win32-ia32-msvc-1.0.0-rc.11.tgz",
      "integrity": "sha512-uJn80LUCju2QXhVpchQkN3MlQHXD/4ZNJHMTHtLqiDu6BOifaCWBm7F/xVO1IuZDhs36K4zSOXdmDh684DQJ2w==",
      "dev": true,
      "optional": true
    },
    "@tauri-apps/cli-win32-x64-msvc": {
      "version": "1.0.0-rc.11",
      "resolved": "https://registry.npmjs.org/@tauri-apps/cli-win32-x64-msvc/-/cli-win32-x64-msvc-1.0.0-rc.11.tgz",
      "integrity": "sha512-f1yS++rZRkVfqcfkGUAgBAihzUBrQwJu+fPkrqu0LpVwfaGMPP58H1IqtLbLGvCTbL8vUekq15gmAMs51eHbtw==",
      "dev": true,
      "optional": true
    }
  }
}
